
Microsoft Visual Studio Solution File, Format Version 12.00
# Visual Studio Version 16
VisualStudioVersion = 16.0.29411.108
MinimumVisualStudioVersion = 10.0.40219.1
Project("{FAE04EC0-301F-11D3-BF4B-00C04F79EFBC}") = "ESO.ESOESCOLA.API", "ESO.ESOESCOLA.API\ESO.ESOESCOLA.API.csproj", "{BA329AF3-106F-4291-8C5A-1FC90067163F}"
EndProject
Project("{FAE04EC0-301F-11D3-BF4B-00C04F79EFBC}") = "ESO.ESOESCOLA.BLL", "ESO.ESOESCOLA.BLL\ESO.ESOESCOLA.BLL.csproj", "{5F8418F8-7FDB-458D-A17C-2FE87516EC9F}"
EndProject
Project("{FAE04EC0-301F-11D3-BF4B-00C04F79EFBC}") = "ESO.ESOESCOLA.DAL", "ESO.ESOESCOLA.DAL\ESO.ESOESCOLA.DAL.csproj", "{5A715062-7AF2-46D8-909D-378244AFCEF7}"
EndProject
Project("{FAE04EC0-301F-11D3-BF4B-00C04F79EFBC}") = "ESO.ESOESCOLA.DTO", "ESO.ESOESCOLA.DTO\ESO.ESOESCOLA.DTO.csproj", "{1A52B510-3887-4E53-B76D-04BA40F352C9}"
EndProject
Project("{FAE04EC0-301F-11D3-BF4B-00C04F79EFBC}") = "ESO.FRAMEWORK", "ESO.FRAMEWORK\ESO.FRAMEWORK.csproj", "{94C00C4A-9799-4020-AC13-3876BF083C6D}"
EndProject
Global
	GlobalSection(SolutionConfigurationPlatforms) = preSolution
		Debug|Any CPU = Debug|Any CPU
		Release|Any CPU = Release|Any CPU
	EndGlobalSection
	GlobalSection(ProjectConfigurationPlatforms) = postSolution
		{BA329AF3-106F-4291-8C5A-1FC90067163F}.Debug|Any CPU.ActiveCfg = Debug|Any CPU
		{BA329AF3-106F-4291-8C5A-1FC90067163F}.Debug|Any CPU.Build.0 = Debug|Any CPU
		{BA329AF3-106F-4291-8C5A-1FC90067163F}.Release|Any CPU.ActiveCfg = Release|Any CPU
		{BA329AF3-106F-4291-8C5A-1FC90067163F}.Release|Any CPU.Build.0 = Release|Any CPU
		{5F8418F8-7FDB-458D-A17C-2FE87516EC9F}.Debug|Any CPU.ActiveCfg = Debug|Any CPU
		{5F8418F8-7FDB-458D-A17C-2FE87516EC9F}.Debug|Any CPU.Build.0 = Debug|Any CPU
		{5F8418F8-7FDB-458D-A17C-2FE87516EC9F}.Release|Any CPU.ActiveCfg = Release|Any CPU
		{5F8418F8-7FDB-458D-A17C-2FE87516EC9F}.Release|Any CPU.Build.0 = Release|Any CPU
		{5A715062-7AF2-46D8-909D-378244AFCEF7}.Debug|Any CPU.ActiveCfg = Debug|Any CPU
		{5A715062-7AF2-46D8-909D-378244AFCEF7}.Debug|Any CPU.Build.0 = Debug|Any CPU
		{5A715062-7AF2-46D8-909D-378244AFCEF7}.Release|Any CPU.ActiveCfg = Release|Any CPU
		{5A715062-7AF2-46D8-909D-378244AFCEF7}.Release|Any CPU.Build.0 = Release|Any CPU
		{1A52B510-3887-4E53-B76D-04BA40F352C9}.Debug|Any CPU.ActiveCfg = Debug|Any CPU
		{1A52B510-3887-4E53-B76D-04BA40F352C9}.Debug|Any CPU.Build.0 = Debug|Any CPU
		{1A52B510-3887-4E53-B76D-04BA40F352C9}.Release|Any CPU.ActiveCfg = Release|Any CPU
		{1A52B510-3887-4E53-B76D-04BA40F352C9}.Release|Any CPU.Build.0 = Release|Any CPU
		{94C00C4A-9799-4020-AC13-3876BF083C6D}.Debug|Any CPU.ActiveCfg = Debug|Any CPU
		{94C00C4A-9799-4020-AC13-3876BF083C6D}.Debug|Any CPU.Build.0 = Debug|Any CPU
		{94C00C4A-9799-4020-AC13-3876BF083C6D}.Release|Any CPU.ActiveCfg = Debug|Any CPU
		{94C00C4A-9799-4020-AC13-3876BF083C6D}.Release|Any CPU.Build.0 = Debug|Any CPU
	EndGlobalSection
	GlobalSection(SolutionProperties) = preSolution
		HideSolutionNode = FALSE
	EndGlobalSection
	GlobalSection(ExtensibilityGlobals) = postSolution
		SolutionGuid = {A0CDD3B9-248A-49F5-A43F-DE36CF3949CA}
	EndGlobalSection
EndGlobal
